
Microsoft Visual Studio Solution File, Format Version 12.00
# Visual Studio Version 16
VisualStudioVersion = 16.0.30330.147
MinimumVisualStudioVersion = 10.0.40219.1
Project("{8BC9CEB8-8B4A-11D0-8D11-00A0C91BC942}") = "leetcode_no144_二叉树的前序遍历_w1", "leetcode_no144_二叉树的前序遍历_w1.vcxproj", "{425994B5-0C9D-4336-8F80-C0DA955AF9E0}"
EndProject
Global
	GlobalSection(SolutionConfigurationPlatforms) = preSolution
		Debug|x64 = Debug|x64
		Debug|x86 = Debug|x86
		Release|x64 = Release|x64
		Release|x86 = Release|x86
	EndGlobalSection
	GlobalSection(ProjectConfigurationPlatforms) = postSolution
		{425994B5-0C9D-4336-8F80-C0DA955AF9E0}.Debug|x64.ActiveCfg = Debug|x64
		{425994B5-0C9D-4336-8F80-C0DA955AF9E0}.Debug|x64.Build.0 = Debug|x64
		{425994B5-0C9D-4336-8F80-C0DA955AF9E0}.Debug|x86.ActiveCfg = Debug|Win32
		{425994B5-0C9D-4336-8F80-C0DA955AF9E0}.Debug|x86.Build.0 = Debug|Win32
		{425994B5-0C9D-4336-8F80-C0DA955AF9E0}.Release|x64.ActiveCfg = Release|x64
		{425994B5-0C9D-4336-8F80-C0DA955AF9E0}.Release|x64.Build.0 = Release|x64
		{425994B5-0C9D-4336-8F80-C0DA955AF9E0}.Release|x86.ActiveCfg = Release|Win32
		{425994B5-0C9D-4336-8F80-C0DA955AF9E0}.Release|x86.Build.0 = Release|Win32
	EndGlobalSection
	GlobalSection(SolutionProperties) = preSolution
		HideSolutionNode = FALSE
	EndGlobalSection
	GlobalSection(ExtensibilityGlobals) = postSolution
		SolutionGuid = {5D995420-EBAF-44F8-8D1A-3534B2A36953}
	EndGlobalSection
EndGlobal
